
Microsoft Visual Studio Solution File, Format Version 12.00
# Visual Studio Version 17
VisualStudioVersion = 17.10.35027.167
MinimumVisualStudioVersion = 10.0.40219.1
Project("{2150E333-8FDC-42A3-9474-1A3956D46DE8}") = "Solution Items", "Solution Items", "{45A9B0D9-7145-4CEA-B44E-6AD08FC06E33}"
	ProjectSection(SolutionItems) = preProject
		README.md = README.md
	EndProjectSection
EndProject
Project("{2150E333-8FDC-42A3-9474-1A3956D46DE8}") = "Behavioral", "Behavioral", "{F48F5A63-4FAD-4BC4-8E5F-416432E4B9C9}"
EndProject
Project("{9A19103F-16F7-4668-BE54-9A1E7A4F7556}") = "ChainResponsibility", "Behavioral\ChainResponsability\ChainResponsibility.csproj", "{7170D261-8033-4C95-9C24-4352E56BCAB8}"
EndProject
Project("{9A19103F-16F7-4668-BE54-9A1E7A4F7556}") = "Command", "Behavioral\Command\Command.csproj", "{778860F8-2E4E-44CE-9A2F-7342CE75C8AF}"
EndProject
Project("{9A19103F-16F7-4668-BE54-9A1E7A4F7556}") = "Iterator", "Behavioral\Iterator\Iterator.csproj", "{1C13B819-C73D-4214-9FA1-3476CB1E9481}"
EndProject
Project("{9A19103F-16F7-4668-BE54-9A1E7A4F7556}") = "Mediator", "Behavioral\Mediator\Mediator.csproj", "{6E120AAC-A894-4EC3-9597-9FC55BEDC0BD}"
EndProject
Project("{9A19103F-16F7-4668-BE54-9A1E7A4F7556}") = "Memento", "Behavioral\Memento\Memento.csproj", "{8B61314E-A9C0-413B-B997-11D465FB34D2}"
EndProject
Project("{9A19103F-16F7-4668-BE54-9A1E7A4F7556}") = "Observer", "Behavioral\Observer\Observer.csproj", "{5F0AB767-BF80-44BE-983F-FDA320BFB16B}"
EndProject
Project("{9A19103F-16F7-4668-BE54-9A1E7A4F7556}") = "State", "Behavioral\State\State.csproj", "{CA3DEADC-2610-4AFF-8762-3D6164DAD92F}"
EndProject
Project("{9A19103F-16F7-4668-BE54-9A1E7A4F7556}") = "Strategy", "Behavioral\Strategy\Strategy.csproj", "{92DF5D3B-6CB9-4562-8684-30CA808F3F70}"
EndProject
Project("{9A19103F-16F7-4668-BE54-9A1E7A4F7556}") = "TemplateMethod", "Behavioral\TemplateMethod\TemplateMethod.csproj", "{14E61BA5-9B80-4F94-956B-35C7155762E7}"
EndProject
Project("{9A19103F-16F7-4668-BE54-9A1E7A4F7556}") = "Visitor", "Behavioral\Visitor\Visitor.csproj", "{9BDCF868-2B74-4CE3-9334-44A04116C1DF}"
EndProject
Project("{2150E333-8FDC-42A3-9474-1A3956D46DE8}") = "Structural", "Structural", "{E9EBEA63-99A6-48DE-93FF-B0965F4F5A47}"
EndProject
Project("{9A19103F-16F7-4668-BE54-9A1E7A4F7556}") = "Adapter", "Structural\Adapter\Adapter.csproj", "{DC2956CF-A1B3-4707-8FC9-E8066E1951BE}"
EndProject
Project("{9A19103F-16F7-4668-BE54-9A1E7A4F7556}") = "Composite", "Structural\Composite\Composite.csproj", "{DBAB9E8E-7ADD-4EBD-AA83-EDB768666DE2}"
EndProject
Project("{9A19103F-16F7-4668-BE54-9A1E7A4F7556}") = "Decorator", "Structural\Decorator\Decorator.csproj", "{A41FD4F5-83A0-467F-84A8-FCB8618E5F40}"
EndProject
Global
	GlobalSection(SolutionConfigurationPlatforms) = preSolution
		Debug|Any CPU = Debug|Any CPU
		Release|Any CPU = Release|Any CPU
	EndGlobalSection
	GlobalSection(ProjectConfigurationPlatforms) = postSolution
		{7170D261-8033-4C95-9C24-4352E56BCAB8}.Debug|Any CPU.ActiveCfg = Debug|Any CPU
		{7170D261-8033-4C95-9C24-4352E56BCAB8}.Debug|Any CPU.Build.0 = Debug|Any CPU
		{7170D261-8033-4C95-9C24-4352E56BCAB8}.Release|Any CPU.ActiveCfg = Release|Any CPU
		{7170D261-8033-4C95-9C24-4352E56BCAB8}.Release|Any CPU.Build.0 = Release|Any CPU
		{778860F8-2E4E-44CE-9A2F-7342CE75C8AF}.Debug|Any CPU.ActiveCfg = Debug|Any CPU
		{778860F8-2E4E-44CE-9A2F-7342CE75C8AF}.Debug|Any CPU.Build.0 = Debug|Any CPU
		{778860F8-2E4E-44CE-9A2F-7342CE75C8AF}.Release|Any CPU.ActiveCfg = Release|Any CPU
		{778860F8-2E4E-44CE-9A2F-7342CE75C8AF}.Release|Any CPU.Build.0 = Release|Any CPU
		{1C13B819-C73D-4214-9FA1-3476CB1E9481}.Debug|Any CPU.ActiveCfg = Debug|Any CPU
		{1C13B819-C73D-4214-9FA1-3476CB1E9481}.Debug|Any CPU.Build.0 = Debug|Any CPU
		{1C13B819-C73D-4214-9FA1-3476CB1E9481}.Release|Any CPU.ActiveCfg = Release|Any CPU
		{1C13B819-C73D-4214-9FA1-3476CB1E9481}.Release|Any CPU.Build.0 = Release|Any CPU
		{6E120AAC-A894-4EC3-9597-9FC55BEDC0BD}.Debug|Any CPU.ActiveCfg = Debug|Any CPU
		{6E120AAC-A894-4EC3-9597-9FC55BEDC0BD}.Debug|Any CPU.Build.0 = Debug|Any CPU
		{6E120AAC-A894-4EC3-9597-9FC55BEDC0BD}.Release|Any CPU.ActiveCfg = Release|Any CPU
		{6E120AAC-A894-4EC3-9597-9FC55BEDC0BD}.Release|Any CPU.Build.0 = Release|Any CPU
		{8B61314E-A9C0-413B-B997-11D465FB34D2}.Debug|Any CPU.ActiveCfg = Debug|Any CPU
		{8B61314E-A9C0-413B-B997-11D465FB34D2}.Debug|Any CPU.Build.0 = Debug|Any CPU
		{8B61314E-A9C0-413B-B997-11D465FB34D2}.Release|Any CPU.ActiveCfg = Release|Any CPU
		{8B61314E-A9C0-413B-B997-11D465FB34D2}.Release|Any CPU.Build.0 = Release|Any CPU
		{5F0AB767-BF80-44BE-983F-FDA320BFB16B}.Debug|Any CPU.ActiveCfg = Debug|Any CPU
		{5F0AB767-BF80-44BE-983F-FDA320BFB16B}.Debug|Any CPU.Build.0 = Debug|Any CPU
		{5F0AB767-BF80-44BE-983F-FDA320BFB16B}.Release|Any CPU.ActiveCfg = Release|Any CPU
		{5F0AB767-BF80-44BE-983F-FDA320BFB16B}.Release|Any CPU.Build.0 = Release|Any CPU
		{CA3DEADC-2610-4AFF-8762-3D6164DAD92F}.Debug|Any CPU.ActiveCfg = Debug|Any CPU
		{CA3DEADC-2610-4AFF-8762-3D6164DAD92F}.Debug|Any CPU.Build.0 = Debug|Any CPU
		{CA3DEADC-2610-4AFF-8762-3D6164DAD92F}.Release|Any CPU.ActiveCfg = Release|Any CPU
		{CA3DEADC-2610-4AFF-8762-3D6164DAD92F}.Release|Any CPU.Build.0 = Release|Any CPU
		{92DF5D3B-6CB9-4562-8684-30CA808F3F70}.Debug|Any CPU.ActiveCfg = Debug|Any CPU
		{92DF5D3B-6CB9-4562-8684-30CA808F3F70}.Debug|Any CPU.Build.0 = Debug|Any CPU
		{92DF5D3B-6CB9-4562-8684-30CA808F3F70}.Release|Any CPU.ActiveCfg = Release|Any CPU
		{92DF5D3B-6CB9-4562-8684-30CA808F3F70}.Release|Any CPU.Build.0 = Release|Any CPU
		{14E61BA5-9B80-4F94-956B-35C7155762E7}.Debug|Any CPU.ActiveCfg = Debug|Any CPU
		{14E61BA5-9B80-4F94-956B-35C7155762E7}.Debug|Any CPU.Build.0 = Debug|Any CPU
		{14E61BA5-9B80-4F94-956B-35C7155762E7}.Release|Any CPU.ActiveCfg = Release|Any CPU
		{14E61BA5-9B80-4F94-956B-35C7155762E7}.Release|Any CPU.Build.0 = Release|Any CPU
		{9BDCF868-2B74-4CE3-9334-44A04116C1DF}.Debug|Any CPU.ActiveCfg = Debug|Any CPU
		{9BDCF868-2B74-4CE3-9334-44A04116C1DF}.Debug|Any CPU.Build.0 = Debug|Any CPU
		{9BDCF868-2B74-4CE3-9334-44A04116C1DF}.Release|Any CPU.ActiveCfg = Release|Any CPU
		{9BDCF868-2B74-4CE3-9334-44A04116C1DF}.Release|Any CPU.Build.0 = Release|Any CPU
		{DC2956CF-A1B3-4707-8FC9-E8066E1951BE}.Debug|Any CPU.ActiveCfg = Debug|Any CPU
		{DC2956CF-A1B3-4707-8FC9-E8066E1951BE}.Debug|Any CPU.Build.0 = Debug|Any CPU
		{DC2956CF-A1B3-4707-8FC9-E8066E1951BE}.Release|Any CPU.ActiveCfg = Release|Any CPU
		{DC2956CF-A1B3-4707-8FC9-E8066E1951BE}.Release|Any CPU.Build.0 = Release|Any CPU
		{DBAB9E8E-7ADD-4EBD-AA83-EDB768666DE2}.Debug|Any CPU.ActiveCfg = Debug|Any CPU
		{DBAB9E8E-7ADD-4EBD-AA83-EDB768666DE2}.Debug|Any CPU.Build.0 = Debug|Any CPU
		{DBAB9E8E-7ADD-4EBD-AA83-EDB768666DE2}.Release|Any CPU.ActiveCfg = Release|Any CPU
		{DBAB9E8E-7ADD-4EBD-AA83-EDB768666DE2}.Release|Any CPU.Build.0 = Release|Any CPU
		{A41FD4F5-83A0-467F-84A8-FCB8618E5F40}.Debug|Any CPU.ActiveCfg = Debug|Any CPU
		{A41FD4F5-83A0-467F-84A8-FCB8618E5F40}.Debug|Any CPU.Build.0 = Debug|Any CPU
		{A41FD4F5-83A0-467F-84A8-FCB8618E5F40}.Release|Any CPU.ActiveCfg = Release|Any CPU
		{A41FD4F5-83A0-467F-84A8-FCB8618E5F40}.Release|Any CPU.Build.0 = Release|Any CPU
	EndGlobalSection
	GlobalSection(SolutionProperties) = preSolution
		HideSolutionNode = FALSE
	EndGlobalSection
	GlobalSection(NestedProjects) = preSolution
		{7170D261-8033-4C95-9C24-4352E56BCAB8} = {F48F5A63-4FAD-4BC4-8E5F-416432E4B9C9}
		{778860F8-2E4E-44CE-9A2F-7342CE75C8AF} = {F48F5A63-4FAD-4BC4-8E5F-416432E4B9C9}
		{1C13B819-C73D-4214-9FA1-3476CB1E9481} = {F48F5A63-4FAD-4BC4-8E5F-416432E4B9C9}
		{6E120AAC-A894-4EC3-9597-9FC55BEDC0BD} = {F48F5A63-4FAD-4BC4-8E5F-416432E4B9C9}
		{8B61314E-A9C0-413B-B997-11D465FB34D2} = {F48F5A63-4FAD-4BC4-8E5F-416432E4B9C9}
		{5F0AB767-BF80-44BE-983F-FDA320BFB16B} = {F48F5A63-4FAD-4BC4-8E5F-416432E4B9C9}
		{CA3DEADC-2610-4AFF-8762-3D6164DAD92F} = {F48F5A63-4FAD-4BC4-8E5F-416432E4B9C9}
		{92DF5D3B-6CB9-4562-8684-30CA808F3F70} = {F48F5A63-4FAD-4BC4-8E5F-416432E4B9C9}
		{14E61BA5-9B80-4F94-956B-35C7155762E7} = {F48F5A63-4FAD-4BC4-8E5F-416432E4B9C9}
		{9BDCF868-2B74-4CE3-9334-44A04116C1DF} = {F48F5A63-4FAD-4BC4-8E5F-416432E4B9C9}
		{DC2956CF-A1B3-4707-8FC9-E8066E1951BE} = {E9EBEA63-99A6-48DE-93FF-B0965F4F5A47}
		{DBAB9E8E-7ADD-4EBD-AA83-EDB768666DE2} = {E9EBEA63-99A6-48DE-93FF-B0965F4F5A47}
		{A41FD4F5-83A0-467F-84A8-FCB8618E5F40} = {E9EBEA63-99A6-48DE-93FF-B0965F4F5A47}
	EndGlobalSection
	GlobalSection(ExtensibilityGlobals) = postSolution
		SolutionGuid = {860A0F5E-EA25-4413-BC87-606E692056E9}
	EndGlobalSection
EndGlobal
