
Microsoft Visual Studio Solution File, Format Version 12.00
# Visual Studio Version 17
VisualStudioVersion = 17.10.35027.167
MinimumVisualStudioVersion = 10.0.40219.1
Project("{9A19103F-16F7-4668-BE54-9A1E7A4F7556}") = "Memento", "Memento\Memento.csproj", "{16C807B7-DBAA-48ED-BA39-1FF61B917413}"
EndProject
Project("{2150E333-8FDC-42A3-9474-1A3956D46DE8}") = "Solution Items", "Solution Items", "{45A9B0D9-7145-4CEA-B44E-6AD08FC06E33}"
	ProjectSection(SolutionItems) = preProject
		README.md = README.md
	EndProjectSection
EndProject
Project("{9A19103F-16F7-4668-BE54-9A1E7A4F7556}") = "State", "State\State.csproj", "{85034E62-A205-4F95-94F1-0F7A8D77B510}"
EndProject
Project("{9A19103F-16F7-4668-BE54-9A1E7A4F7556}") = "Iterator", "Iterator\Iterator.csproj", "{31C2FCDF-29DE-4C1E-BB02-85FC02BEE7E1}"
EndProject
Project("{9A19103F-16F7-4668-BE54-9A1E7A4F7556}") = "Strategy", "Strategy\Strategy.csproj", "{12527951-D487-494F-8F87-CDA23260A578}"
EndProject
Project("{9A19103F-16F7-4668-BE54-9A1E7A4F7556}") = "TemplateMethod", "TemplateMethod\TemplateMethod.csproj", "{7DA28DEB-8B82-47D9-84E5-01C5B9AE225A}"
EndProject
Project("{9A19103F-16F7-4668-BE54-9A1E7A4F7556}") = "Command", "Command\Command.csproj", "{3219550B-AAF2-49FB-A7F7-0C5863ECEC25}"
EndProject
Project("{9A19103F-16F7-4668-BE54-9A1E7A4F7556}") = "Observer", "Observer\Observer.csproj", "{0E745604-10A0-4455-A376-309BD34E72A2}"
EndProject
Project("{9A19103F-16F7-4668-BE54-9A1E7A4F7556}") = "Mediator", "Mediator\Mediator.csproj", "{F6F1430D-1B50-4FA3-9CE8-0F429786C86F}"
EndProject
Project("{9A19103F-16F7-4668-BE54-9A1E7A4F7556}") = "ChainResponsibility", "ChainResponsability\ChainResponsibility.csproj", "{282C29D7-616E-4024-B118-0B1181EECB82}"
EndProject
Project("{FAE04EC0-301F-11D3-BF4B-00C04F79EFBC}") = "Visitor", "Visitor\Visitor.csproj", "{7418CAE5-5156-4C9C-8E7D-52A11BE5BE8E}"
EndProject
Global
	GlobalSection(SolutionConfigurationPlatforms) = preSolution
		Debug|Any CPU = Debug|Any CPU
		Release|Any CPU = Release|Any CPU
	EndGlobalSection
	GlobalSection(ProjectConfigurationPlatforms) = postSolution
		{16C807B7-DBAA-48ED-BA39-1FF61B917413}.Debug|Any CPU.ActiveCfg = Debug|Any CPU
		{16C807B7-DBAA-48ED-BA39-1FF61B917413}.Debug|Any CPU.Build.0 = Debug|Any CPU
		{16C807B7-DBAA-48ED-BA39-1FF61B917413}.Release|Any CPU.ActiveCfg = Release|Any CPU
		{16C807B7-DBAA-48ED-BA39-1FF61B917413}.Release|Any CPU.Build.0 = Release|Any CPU
		{85034E62-A205-4F95-94F1-0F7A8D77B510}.Debug|Any CPU.ActiveCfg = Debug|Any CPU
		{85034E62-A205-4F95-94F1-0F7A8D77B510}.Debug|Any CPU.Build.0 = Debug|Any CPU
		{85034E62-A205-4F95-94F1-0F7A8D77B510}.Release|Any CPU.ActiveCfg = Release|Any CPU
		{85034E62-A205-4F95-94F1-0F7A8D77B510}.Release|Any CPU.Build.0 = Release|Any CPU
		{31C2FCDF-29DE-4C1E-BB02-85FC02BEE7E1}.Debug|Any CPU.ActiveCfg = Debug|Any CPU
		{31C2FCDF-29DE-4C1E-BB02-85FC02BEE7E1}.Debug|Any CPU.Build.0 = Debug|Any CPU
		{31C2FCDF-29DE-4C1E-BB02-85FC02BEE7E1}.Release|Any CPU.ActiveCfg = Release|Any CPU
		{31C2FCDF-29DE-4C1E-BB02-85FC02BEE7E1}.Release|Any CPU.Build.0 = Release|Any CPU
		{12527951-D487-494F-8F87-CDA23260A578}.Debug|Any CPU.ActiveCfg = Debug|Any CPU
		{12527951-D487-494F-8F87-CDA23260A578}.Debug|Any CPU.Build.0 = Debug|Any CPU
		{12527951-D487-494F-8F87-CDA23260A578}.Release|Any CPU.ActiveCfg = Release|Any CPU
		{12527951-D487-494F-8F87-CDA23260A578}.Release|Any CPU.Build.0 = Release|Any CPU
		{7DA28DEB-8B82-47D9-84E5-01C5B9AE225A}.Debug|Any CPU.ActiveCfg = Debug|Any CPU
		{7DA28DEB-8B82-47D9-84E5-01C5B9AE225A}.Debug|Any CPU.Build.0 = Debug|Any CPU
		{7DA28DEB-8B82-47D9-84E5-01C5B9AE225A}.Release|Any CPU.ActiveCfg = Release|Any CPU
		{7DA28DEB-8B82-47D9-84E5-01C5B9AE225A}.Release|Any CPU.Build.0 = Release|Any CPU
		{3219550B-AAF2-49FB-A7F7-0C5863ECEC25}.Debug|Any CPU.ActiveCfg = Debug|Any CPU
		{3219550B-AAF2-49FB-A7F7-0C5863ECEC25}.Debug|Any CPU.Build.0 = Debug|Any CPU
		{3219550B-AAF2-49FB-A7F7-0C5863ECEC25}.Release|Any CPU.ActiveCfg = Release|Any CPU
		{3219550B-AAF2-49FB-A7F7-0C5863ECEC25}.Release|Any CPU.Build.0 = Release|Any CPU
		{0E745604-10A0-4455-A376-309BD34E72A2}.Debug|Any CPU.ActiveCfg = Debug|Any CPU
		{0E745604-10A0-4455-A376-309BD34E72A2}.Debug|Any CPU.Build.0 = Debug|Any CPU
		{0E745604-10A0-4455-A376-309BD34E72A2}.Release|Any CPU.ActiveCfg = Release|Any CPU
		{0E745604-10A0-4455-A376-309BD34E72A2}.Release|Any CPU.Build.0 = Release|Any CPU
		{F6F1430D-1B50-4FA3-9CE8-0F429786C86F}.Debug|Any CPU.ActiveCfg = Debug|Any CPU
		{F6F1430D-1B50-4FA3-9CE8-0F429786C86F}.Debug|Any CPU.Build.0 = Debug|Any CPU
		{F6F1430D-1B50-4FA3-9CE8-0F429786C86F}.Release|Any CPU.ActiveCfg = Release|Any CPU
		{F6F1430D-1B50-4FA3-9CE8-0F429786C86F}.Release|Any CPU.Build.0 = Release|Any CPU
		{282C29D7-616E-4024-B118-0B1181EECB82}.Debug|Any CPU.ActiveCfg = Debug|Any CPU
		{282C29D7-616E-4024-B118-0B1181EECB82}.Debug|Any CPU.Build.0 = Debug|Any CPU
		{282C29D7-616E-4024-B118-0B1181EECB82}.Release|Any CPU.ActiveCfg = Release|Any CPU
		{282C29D7-616E-4024-B118-0B1181EECB82}.Release|Any CPU.Build.0 = Release|Any CPU
		{7418CAE5-5156-4C9C-8E7D-52A11BE5BE8E}.Debug|Any CPU.ActiveCfg = Debug|Any CPU
		{7418CAE5-5156-4C9C-8E7D-52A11BE5BE8E}.Debug|Any CPU.Build.0 = Debug|Any CPU
		{7418CAE5-5156-4C9C-8E7D-52A11BE5BE8E}.Release|Any CPU.ActiveCfg = Release|Any CPU
		{7418CAE5-5156-4C9C-8E7D-52A11BE5BE8E}.Release|Any CPU.Build.0 = Release|Any CPU
	EndGlobalSection
	GlobalSection(SolutionProperties) = preSolution
		HideSolutionNode = FALSE
	EndGlobalSection
	GlobalSection(NestedProjects) = preSolution
		{282C29D7-616E-4024-B118-0B1181EECB82} = {45A9B0D9-7145-4CEA-B44E-6AD08FC06E33}
	EndGlobalSection
	GlobalSection(ExtensibilityGlobals) = postSolution
		SolutionGuid = {860A0F5E-EA25-4413-BC87-606E692056E9}
	EndGlobalSection
EndGlobal
