
Microsoft Visual Studio Solution File, Format Version 12.00
# Visual Studio Version 17
VisualStudioVersion = 17.10.35027.167
MinimumVisualStudioVersion = 10.0.40219.1
Project("{9A19103F-16F7-4668-BE54-9A1E7A4F7556}") = "Memento", "Memento\Memento.csproj", "{16C807B7-DBAA-48ED-BA39-1FF61B917413}"
EndProject
Project("{2150E333-8FDC-42A3-9474-1A3956D46DE8}") = "Solution Items", "Solution Items", "{45A9B0D9-7145-4CEA-B44E-6AD08FC06E33}"
	ProjectSection(SolutionItems) = preProject
		README.md = README.md
	EndProjectSection
EndProject
Project("{FAE04EC0-301F-11D3-BF4B-00C04F79EFBC}") = "State", "State\State.csproj", "{85034E62-A205-4F95-94F1-0F7A8D77B510}"
EndProject
Global
	GlobalSection(SolutionConfigurationPlatforms) = preSolution
		Debug|Any CPU = Debug|Any CPU
		Release|Any CPU = Release|Any CPU
	EndGlobalSection
	GlobalSection(ProjectConfigurationPlatforms) = postSolution
		{16C807B7-DBAA-48ED-BA39-1FF61B917413}.Debug|Any CPU.ActiveCfg = Debug|Any CPU
		{16C807B7-DBAA-48ED-BA39-1FF61B917413}.Debug|Any CPU.Build.0 = Debug|Any CPU
		{16C807B7-DBAA-48ED-BA39-1FF61B917413}.Release|Any CPU.ActiveCfg = Release|Any CPU
		{16C807B7-DBAA-48ED-BA39-1FF61B917413}.Release|Any CPU.Build.0 = Release|Any CPU
		{85034E62-A205-4F95-94F1-0F7A8D77B510}.Debug|Any CPU.ActiveCfg = Debug|Any CPU
		{85034E62-A205-4F95-94F1-0F7A8D77B510}.Debug|Any CPU.Build.0 = Debug|Any CPU
		{85034E62-A205-4F95-94F1-0F7A8D77B510}.Release|Any CPU.ActiveCfg = Release|Any CPU
		{85034E62-A205-4F95-94F1-0F7A8D77B510}.Release|Any CPU.Build.0 = Release|Any CPU
	EndGlobalSection
	GlobalSection(SolutionProperties) = preSolution
		HideSolutionNode = FALSE
	EndGlobalSection
	GlobalSection(ExtensibilityGlobals) = postSolution
		SolutionGuid = {860A0F5E-EA25-4413-BC87-606E692056E9}
	EndGlobalSection
EndGlobal
